
Microsoft Visual Studio Solution File, Format Version 12.00
Project("{FAE04EC0-301F-11D3-BF4B-00C04F79EFBC}") = "SecretariaEletronica", "SecretariaEletronica\SecretariaEletronica.csproj", "{100F5D97-2DFC-4E8D-8C02-4EC4958DC9B6}"
EndProject
Project("{FAE04EC0-301F-11D3-BF4B-00C04F79EFBC}") = "CommandTemplate", "CommandTemplate\CommandTemplate.csproj", "{3048B85E-A5F4-4A20-8020-7E08643E1A40}"
EndProject
Project("{FAE04EC0-301F-11D3-BF4B-00C04F79EFBC}") = "JoinWaxAnarchy", "JoinWaxAnarchy\JoinWaxAnarchy.csproj", "{CA2DD835-BC84-41E4-81E3-E422E37106D1}"
EndProject
Global
	GlobalSection(SolutionConfigurationPlatforms) = preSolution
		Debug|Any CPU = Debug|Any CPU
		Release|Any CPU = Release|Any CPU
	EndGlobalSection
	GlobalSection(ProjectConfigurationPlatforms) = postSolution
		{100F5D97-2DFC-4E8D-8C02-4EC4958DC9B6}.Debug|Any CPU.ActiveCfg = Debug|Any CPU
		{100F5D97-2DFC-4E8D-8C02-4EC4958DC9B6}.Debug|Any CPU.Build.0 = Debug|Any CPU
		{100F5D97-2DFC-4E8D-8C02-4EC4958DC9B6}.Release|Any CPU.ActiveCfg = Release|Any CPU
		{100F5D97-2DFC-4E8D-8C02-4EC4958DC9B6}.Release|Any CPU.Build.0 = Release|Any CPU
		{3048B85E-A5F4-4A20-8020-7E08643E1A40}.Debug|Any CPU.ActiveCfg = Debug|Any CPU
		{3048B85E-A5F4-4A20-8020-7E08643E1A40}.Debug|Any CPU.Build.0 = Debug|Any CPU
		{3048B85E-A5F4-4A20-8020-7E08643E1A40}.Release|Any CPU.ActiveCfg = Release|Any CPU
		{3048B85E-A5F4-4A20-8020-7E08643E1A40}.Release|Any CPU.Build.0 = Release|Any CPU
		{CA2DD835-BC84-41E4-81E3-E422E37106D1}.Debug|Any CPU.ActiveCfg = Debug|Any CPU
		{CA2DD835-BC84-41E4-81E3-E422E37106D1}.Debug|Any CPU.Build.0 = Debug|Any CPU
		{CA2DD835-BC84-41E4-81E3-E422E37106D1}.Release|Any CPU.ActiveCfg = Release|Any CPU
		{CA2DD835-BC84-41E4-81E3-E422E37106D1}.Release|Any CPU.Build.0 = Release|Any CPU
	EndGlobalSection
EndGlobal
